// !$*UTF8*$!
{
	archiveVersion = 1;
	classes = {
	};
	objectVersion = 46;
	objects = {

/* Begin PBXBuildFile section */
		D857066519986AA7009D906E /* GalleryViewController.swift in Sources */ = {isa = PBXBuildFile; fileRef = D857066419986AA7009D906E /* GalleryViewController.swift */; };
		D857066719987698009D906E /* GalleryImage.swift in Sources */ = {isa = PBXBuildFile; fileRef = D857066619987698009D906E /* GalleryImage.swift */; };
		D86CD79D19973BA600DD7489 /* SpringTransition.swift in Sources */ = {isa = PBXBuildFile; fileRef = D86CD79C19973BA600DD7489 /* SpringTransition.swift */; };
		D86CD79F199748DE00DD7489 /* RefreshTokenForm.swift in Sources */ = {isa = PBXBuildFile; fileRef = D86CD79E199748DE00DD7489 /* RefreshTokenForm.swift */; };
		D874CDCF19CE2E9800E8B9A6 /* ImageUpload.swift in Sources */ = {isa = PBXBuildFile; fileRef = D874CDCE19CE2E9800E8B9A6 /* ImageUpload.swift */; };
		D874CDD019CE31D700E8B9A6 /* ImageUpload.swift in Sources */ = {isa = PBXBuildFile; fileRef = D874CDCE19CE2E9800E8B9A6 /* ImageUpload.swift */; };
		D8846EE919989ACE00546285 /* GalleryAlbum.swift in Sources */ = {isa = PBXBuildFile; fileRef = D8846EE819989ACE00546285 /* GalleryAlbum.swift */; };
		D8846EEB19989E7900546285 /* GalleryItem.swift in Sources */ = {isa = PBXBuildFile; fileRef = D8846EEA19989E7900546285 /* GalleryItem.swift */; };
		D8846EEE19997E4E00546285 /* GalleryCollectionViewCell.swift in Sources */ = {isa = PBXBuildFile; fileRef = D8846EED19997E4E00546285 /* GalleryCollectionViewCell.swift */; };
		D888B40619948B5F00179D0C /* StringExt.swift in Sources */ = {isa = PBXBuildFile; fileRef = D888B40519948B5F00179D0C /* StringExt.swift */; };
		D888B4081995414000179D0C /* SIUserDefaults.swift in Sources */ = {isa = PBXBuildFile; fileRef = D888B4071995414000179D0C /* SIUserDefaults.swift */; };
		D89920C21991B6530064C50A /* Constants.swift in Sources */ = {isa = PBXBuildFile; fileRef = D89920C11991B6530064C50A /* Constants.swift */; };
		D89920C61991CC0E0064C50A /* UIColorExt.swift in Sources */ = {isa = PBXBuildFile; fileRef = D89920C51991CC0E0064C50A /* UIColorExt.swift */; };
		D8A581D819B0F27500168974 /* FLAnimatedImage.m in Sources */ = {isa = PBXBuildFile; fileRef = D8A795C419A5223D0013315D /* FLAnimatedImage.m */; };
		D8A581D919B0F27500168974 /* FLAnimatedImageView.m in Sources */ = {isa = PBXBuildFile; fileRef = D8A795C619A5223D0013315D /* FLAnimatedImageView.m */; };
		D8A795C719A5223D0013315D /* FLAnimatedImage.m in Sources */ = {isa = PBXBuildFile; fileRef = D8A795C419A5223D0013315D /* FLAnimatedImage.m */; };
		D8A795C819A5223D0013315D /* FLAnimatedImageView.m in Sources */ = {isa = PBXBuildFile; fileRef = D8A795C619A5223D0013315D /* FLAnimatedImageView.m */; };
		D8ABBD7419A3FAB200CECF9B /* ImageViewController.swift in Sources */ = {isa = PBXBuildFile; fileRef = D8ABBD7319A3FAB200CECF9B /* ImageViewController.swift */; };
		D8ABBD7619A408D300CECF9B /* AlbumImage.swift in Sources */ = {isa = PBXBuildFile; fileRef = D8ABBD7519A408D300CECF9B /* AlbumImage.swift */; };
		D8AE2DB1199070470062E3E6 /* AppDelegate.swift in Sources */ = {isa = PBXBuildFile; fileRef = D8AE2DB0199070470062E3E6 /* AppDelegate.swift */; };
		D8AE2DB3199070470062E3E6 /* ViewController.swift in Sources */ = {isa = PBXBuildFile; fileRef = D8AE2DB2199070470062E3E6 /* ViewController.swift */; };
		D8AE2DB6199070470062E3E6 /* Main.storyboard in Resources */ = {isa = PBXBuildFile; fileRef = D8AE2DB4199070470062E3E6 /* Main.storyboard */; };
		D8AE2DB8199070470062E3E6 /* Images.xcassets in Resources */ = {isa = PBXBuildFile; fileRef = D8AE2DB7199070470062E3E6 /* Images.xcassets */; };
		D8AE2DC4199070470062E3E6 /* SwimgurTests.swift in Sources */ = {isa = PBXBuildFile; fileRef = D8AE2DC3199070470062E3E6 /* SwimgurTests.swift */; };
		D8AE2DCF199088FC0062E3E6 /* DataManager.swift in Sources */ = {isa = PBXBuildFile; fileRef = D8AE2DCE199088FC0062E3E6 /* DataManager.swift */; };
		D8BB7C1A19954BAC0084EAB8 /* CodeForm.swift in Sources */ = {isa = PBXBuildFile; fileRef = D8BB7C1919954BAC0084EAB8 /* CodeForm.swift */; };
		D8BB7C1D1995505E0084EAB8 /* Token.swift in Sources */ = {isa = PBXBuildFile; fileRef = D8BB7C1C1995505E0084EAB8 /* Token.swift */; };
		D8BB7C1F199575540084EAB8 /* Account.swift in Sources */ = {isa = PBXBuildFile; fileRef = D8BB7C1E199575540084EAB8 /* Account.swift */; };
		D8DF2A771991D23800397EE2 /* ImgurLoginController.swift in Sources */ = {isa = PBXBuildFile; fileRef = D8DF2A761991D23800397EE2 /* ImgurLoginController.swift */; };
		D8DF2A79199436C600397EE2 /* RestConfig.swift in Sources */ = {isa = PBXBuildFile; fileRef = D8DF2A78199436C600397EE2 /* RestConfig.swift */; };
		D8F044BC19B0E84800F04FB5 /* ImgurLoginControllerTests.swift in Sources */ = {isa = PBXBuildFile; fileRef = D8F044BB19B0E84800F04FB5 /* ImgurLoginControllerTests.swift */; };
		D8F044BD19B0F1CF00F04FB5 /* ImgurLoginController.swift in Sources */ = {isa = PBXBuildFile; fileRef = D8DF2A761991D23800397EE2 /* ImgurLoginController.swift */; };
		D8F044BE19B0F20100F04FB5 /* UIColorExt.swift in Sources */ = {isa = PBXBuildFile; fileRef = D89920C51991CC0E0064C50A /* UIColorExt.swift */; };
		D8F044BF19B0F20100F04FB5 /* StringExt.swift in Sources */ = {isa = PBXBuildFile; fileRef = D888B40519948B5F00179D0C /* StringExt.swift */; };
		D8F044C019B0F20100F04FB5 /* Token.swift in Sources */ = {isa = PBXBuildFile; fileRef = D8BB7C1C1995505E0084EAB8 /* Token.swift */; };
		D8F044C119B0F20100F04FB5 /* Account.swift in Sources */ = {isa = PBXBuildFile; fileRef = D8BB7C1E199575540084EAB8 /* Account.swift */; };
		D8F044C219B0F20100F04FB5 /* GalleryItem.swift in Sources */ = {isa = PBXBuildFile; fileRef = D8846EEA19989E7900546285 /* GalleryItem.swift */; };
		D8F044C319B0F20100F04FB5 /* GalleryImage.swift in Sources */ = {isa = PBXBuildFile; fileRef = D857066619987698009D906E /* GalleryImage.swift */; };
		D8F044C419B0F20100F04FB5 /* GalleryAlbum.swift in Sources */ = {isa = PBXBuildFile; fileRef = D8846EE819989ACE00546285 /* GalleryAlbum.swift */; };
		D8F044C519B0F20100F04FB5 /* AlbumImage.swift in Sources */ = {isa = PBXBuildFile; fileRef = D8ABBD7519A408D300CECF9B /* AlbumImage.swift */; };
		D8F044C619B0F20100F04FB5 /* CodeForm.swift in Sources */ = {isa = PBXBuildFile; fileRef = D8BB7C1919954BAC0084EAB8 /* CodeForm.swift */; };
		D8F044C719B0F20100F04FB5 /* RefreshTokenForm.swift in Sources */ = {isa = PBXBuildFile; fileRef = D86CD79E199748DE00DD7489 /* RefreshTokenForm.swift */; };
		D8F044C819B0F20100F04FB5 /* DataManager.swift in Sources */ = {isa = PBXBuildFile; fileRef = D8AE2DCE199088FC0062E3E6 /* DataManager.swift */; };
		D8F044C919B0F20100F04FB5 /* RestConfig.swift in Sources */ = {isa = PBXBuildFile; fileRef = D8DF2A78199436C600397EE2 /* RestConfig.swift */; };
		D8F044CA19B0F20100F04FB5 /* SIUserDefaults.swift in Sources */ = {isa = PBXBuildFile; fileRef = D888B4071995414000179D0C /* SIUserDefaults.swift */; };
		D8F044CB19B0F20100F04FB5 /* AppDelegate.swift in Sources */ = {isa = PBXBuildFile; fileRef = D8AE2DB0199070470062E3E6 /* AppDelegate.swift */; };
		D8F044CC19B0F20100F04FB5 /* GalleryCollectionViewCell.swift in Sources */ = {isa = PBXBuildFile; fileRef = D8846EED19997E4E00546285 /* GalleryCollectionViewCell.swift */; };
		D8F044CD19B0F20100F04FB5 /* ViewController.swift in Sources */ = {isa = PBXBuildFile; fileRef = D8AE2DB2199070470062E3E6 /* ViewController.swift */; };
		D8F044CE19B0F20100F04FB5 /* GalleryViewController.swift in Sources */ = {isa = PBXBuildFile; fileRef = D857066419986AA7009D906E /* GalleryViewController.swift */; };
		D8F044CF19B0F20100F04FB5 /* ImageViewController.swift in Sources */ = {isa = PBXBuildFile; fileRef = D8ABBD7319A3FAB200CECF9B /* ImageViewController.swift */; };
		D8F044D019B0F20100F04FB5 /* Constants.swift in Sources */ = {isa = PBXBuildFile; fileRef = D89920C11991B6530064C50A /* Constants.swift */; };
		D8F044D119B0F20100F04FB5 /* SpringTransition.swift in Sources */ = {isa = PBXBuildFile; fileRef = D86CD79C19973BA600DD7489 /* SpringTransition.swift */; };
		D8F1FC9819B154D8008D38C1 /* DataManagerTests.swift in Sources */ = {isa = PBXBuildFile; fileRef = D8F1FC9719B154D8008D38C1 /* DataManagerTests.swift */; };
/* End PBXBuildFile section */

/* Begin PBXContainerItemProxy section */
		D8846F081999E6EB00546285 /* PBXContainerItemProxy */ = {
			isa = PBXContainerItemProxy;
			containerPortal = D8AE2DA3199070470062E3E6 /* Project object */;
			proxyType = 1;
			remoteGlobalIDString = D8AE2DAA199070470062E3E6;
			remoteInfo = Swimgur;
		};
		D8846F0A1999E6EE00546285 /* PBXContainerItemProxy */ = {
			isa = PBXContainerItemProxy;
			containerPortal = D8AE2DA3199070470062E3E6 /* Project object */;
			proxyType = 1;
			remoteGlobalIDString = D8AE2DAA199070470062E3E6;
			remoteInfo = Swimgur;
		};
		D8AE2DBE199070470062E3E6 /* PBXContainerItemProxy */ = {
			isa = PBXContainerItemProxy;
			containerPortal = D8AE2DA3199070470062E3E6 /* Project object */;
			proxyType = 1;
			remoteGlobalIDString = D8AE2DAA199070470062E3E6;
			remoteInfo = Swimgur;
		};
/* End PBXContainerItemProxy section */

/* Begin PBXFileReference section */
		D857066419986AA7009D906E /* GalleryViewController.swift */ = {isa = PBXFileReference; fileEncoding = 4; lastKnownFileType = sourcecode.swift; path = GalleryViewController.swift; sourceTree = "<group>"; };
		D857066619987698009D906E /* GalleryImage.swift */ = {isa = PBXFileReference; fileEncoding = 4; lastKnownFileType = sourcecode.swift; name = GalleryImage.swift; path = Data/Models/GalleryImage.swift; sourceTree = "<group>"; };
		D86CD79C19973BA600DD7489 /* SpringTransition.swift */ = {isa = PBXFileReference; fileEncoding = 4; lastKnownFileType = sourcecode.swift; name = SpringTransition.swift; path = Transitions/SpringTransition.swift; sourceTree = "<group>"; };
		D86CD79E199748DE00DD7489 /* RefreshTokenForm.swift */ = {isa = PBXFileReference; fileEncoding = 4; lastKnownFileType = sourcecode.swift; path = RefreshTokenForm.swift; sourceTree = "<group>"; };
		D874CDCE19CE2E9800E8B9A6 /* ImageUpload.swift */ = {isa = PBXFileReference; fileEncoding = 4; lastKnownFileType = sourcecode.swift; path = ImageUpload.swift; sourceTree = "<group>"; };
		D8846EE819989ACE00546285 /* GalleryAlbum.swift */ = {isa = PBXFileReference; fileEncoding = 4; lastKnownFileType = sourcecode.swift; name = GalleryAlbum.swift; path = Data/Models/GalleryAlbum.swift; sourceTree = "<group>"; };
		D8846EEA19989E7900546285 /* GalleryItem.swift */ = {isa = PBXFileReference; fileEncoding = 4; lastKnownFileType = sourcecode.swift; name = GalleryItem.swift; path = Data/Models/GalleryItem.swift; sourceTree = "<group>"; };
		D8846EED19997E4E00546285 /* GalleryCollectionViewCell.swift */ = {isa = PBXFileReference; fileEncoding = 4; lastKnownFileType = sourcecode.swift; name = GalleryCollectionViewCell.swift; path = Controllers/Cells/GalleryCollectionViewCell.swift; sourceTree = "<group>"; };
		D888B40519948B5F00179D0C /* StringExt.swift */ = {isa = PBXFileReference; fileEncoding = 4; lastKnownFileType = sourcecode.swift; name = StringExt.swift; path = Extensions/StringExt.swift; sourceTree = "<group>"; };
		D888B4071995414000179D0C /* SIUserDefaults.swift */ = {isa = PBXFileReference; fileEncoding = 4; lastKnownFileType = sourcecode.swift; name = SIUserDefaults.swift; path = Data/SIUserDefaults.swift; sourceTree = "<group>"; };
		D89920C11991B6530064C50A /* Constants.swift */ = {isa = PBXFileReference; fileEncoding = 4; lastKnownFileType = sourcecode.swift; path = Constants.swift; sourceTree = "<group>"; };
		D89920C51991CC0E0064C50A /* UIColorExt.swift */ = {isa = PBXFileReference; fileEncoding = 4; lastKnownFileType = sourcecode.swift; name = UIColorExt.swift; path = Extensions/UIColorExt.swift; sourceTree = "<group>"; };
		D8A795C319A5223D0013315D /* FLAnimatedImage.h */ = {isa = PBXFileReference; fileEncoding = 4; lastKnownFileType = sourcecode.c.h; path = FLAnimatedImage.h; sourceTree = "<group>"; };
		D8A795C419A5223D0013315D /* FLAnimatedImage.m */ = {isa = PBXFileReference; fileEncoding = 4; lastKnownFileType = sourcecode.c.objc; path = FLAnimatedImage.m; sourceTree = "<group>"; };
		D8A795C519A5223D0013315D /* FLAnimatedImageView.h */ = {isa = PBXFileReference; fileEncoding = 4; lastKnownFileType = sourcecode.c.h; path = FLAnimatedImageView.h; sourceTree = "<group>"; };
		D8A795C619A5223D0013315D /* FLAnimatedImageView.m */ = {isa = PBXFileReference; fileEncoding = 4; lastKnownFileType = sourcecode.c.objc; path = FLAnimatedImageView.m; sourceTree = "<group>"; };
		D8A795C919A522940013315D /* Swimgur-Bridging-Header.h */ = {isa = PBXFileReference; lastKnownFileType = sourcecode.c.h; path = "Swimgur-Bridging-Header.h"; sourceTree = "<group>"; };
		D8ABBD7319A3FAB200CECF9B /* ImageViewController.swift */ = {isa = PBXFileReference; fileEncoding = 4; lastKnownFileType = sourcecode.swift; path = ImageViewController.swift; sourceTree = "<group>"; };
		D8ABBD7519A408D300CECF9B /* AlbumImage.swift */ = {isa = PBXFileReference; fileEncoding = 4; lastKnownFileType = sourcecode.swift; path = AlbumImage.swift; sourceTree = "<group>"; };
		D8AE2DAB199070470062E3E6 /* Swimgur.app */ = {isa = PBXFileReference; explicitFileType = wrapper.application; includeInIndex = 0; path = Swimgur.app; sourceTree = BUILT_PRODUCTS_DIR; };
		D8AE2DAF199070470062E3E6 /* Info.plist */ = {isa = PBXFileReference; lastKnownFileType = text.plist.xml; path = Info.plist; sourceTree = "<group>"; };
		D8AE2DB0199070470062E3E6 /* AppDelegate.swift */ = {isa = PBXFileReference; lastKnownFileType = sourcecode.swift; path = AppDelegate.swift; sourceTree = "<group>"; };
		D8AE2DB2199070470062E3E6 /* ViewController.swift */ = {isa = PBXFileReference; lastKnownFileType = sourcecode.swift; name = ViewController.swift; path = Controllers/ViewController.swift; sourceTree = "<group>"; };
		D8AE2DB5199070470062E3E6 /* Base */ = {isa = PBXFileReference; lastKnownFileType = file.storyboard; name = Base; path = Base.lproj/Main.storyboard; sourceTree = "<group>"; };
		D8AE2DB7199070470062E3E6 /* Images.xcassets */ = {isa = PBXFileReference; lastKnownFileType = folder.assetcatalog; path = Images.xcassets; sourceTree = "<group>"; };
		D8AE2DBD199070470062E3E6 /* SwimgurTests.xctest */ = {isa = PBXFileReference; explicitFileType = wrapper.cfbundle; includeInIndex = 0; path = SwimgurTests.xctest; sourceTree = BUILT_PRODUCTS_DIR; };
		D8AE2DC2199070470062E3E6 /* Info.plist */ = {isa = PBXFileReference; lastKnownFileType = text.plist.xml; path = Info.plist; sourceTree = "<group>"; };
		D8AE2DC3199070470062E3E6 /* SwimgurTests.swift */ = {isa = PBXFileReference; lastKnownFileType = sourcecode.swift; path = SwimgurTests.swift; sourceTree = "<group>"; };
		D8AE2DCE199088FC0062E3E6 /* DataManager.swift */ = {isa = PBXFileReference; fileEncoding = 4; lastKnownFileType = sourcecode.swift; name = DataManager.swift; path = Data/DataManager.swift; sourceTree = "<group>"; };
		D8BB7C1919954BAC0084EAB8 /* CodeForm.swift */ = {isa = PBXFileReference; fileEncoding = 4; lastKnownFileType = sourcecode.swift; path = CodeForm.swift; sourceTree = "<group>"; };
		D8BB7C1C1995505E0084EAB8 /* Token.swift */ = {isa = PBXFileReference; fileEncoding = 4; lastKnownFileType = sourcecode.swift; name = Token.swift; path = Data/Models/Token.swift; sourceTree = "<group>"; };
		D8BB7C1E199575540084EAB8 /* Account.swift */ = {isa = PBXFileReference; fileEncoding = 4; lastKnownFileType = sourcecode.swift; name = Account.swift; path = Data/Models/Account.swift; sourceTree = "<group>"; };
		D8DF2A761991D23800397EE2 /* ImgurLoginController.swift */ = {isa = PBXFileReference; fileEncoding = 4; lastKnownFileType = sourcecode.swift; name = ImgurLoginController.swift; path = Controllers/ImgurLoginController.swift; sourceTree = "<group>"; };
		D8DF2A78199436C600397EE2 /* RestConfig.swift */ = {isa = PBXFileReference; fileEncoding = 4; lastKnownFileType = sourcecode.swift; name = RestConfig.swift; path = Data/RestConfig.swift; sourceTree = "<group>"; };
		D8F044BB19B0E84800F04FB5 /* ImgurLoginControllerTests.swift */ = {isa = PBXFileReference; fileEncoding = 4; lastKnownFileType = sourcecode.swift; path = ImgurLoginControllerTests.swift; sourceTree = "<group>"; };
		D8F1FC9719B154D8008D38C1 /* DataManagerTests.swift */ = {isa = PBXFileReference; fileEncoding = 4; lastKnownFileType = sourcecode.swift; path = DataManagerTests.swift; sourceTree = "<group>"; };
/* End PBXFileReference section */

/* Begin PBXFrameworksBuildPhase section */
		D8AE2DA8199070470062E3E6 /* Frameworks */ = {
			isa = PBXFrameworksBuildPhase;
			buildActionMask = 2147483647;
			files = (
			);
			runOnlyForDeploymentPostprocessing = 0;
		};
		D8AE2DBA199070470062E3E6 /* Frameworks */ = {
			isa = PBXFrameworksBuildPhase;
			buildActionMask = 2147483647;
			files = (
			);
			runOnlyForDeploymentPostprocessing = 0;
		};
/* End PBXFrameworksBuildPhase section */

/* Begin PBXGroup section */
		D86CD79B19973B8D00DD7489 /* Transitions */ = {
			isa = PBXGroup;
			children = (
				D86CD79C19973BA600DD7489 /* SpringTransition.swift */,
			);
			name = Transitions;
			sourceTree = "<group>";
		};
		D8846EEC19997DF100546285 /* Cells */ = {
			isa = PBXGroup;
			children = (
				D8846EED19997E4E00546285 /* GalleryCollectionViewCell.swift */,
			);
			name = Cells;
			sourceTree = "<group>";
		};
		D8846EF01999E5FA00546285 /* Libraries */ = {
			isa = PBXGroup;
			children = (
				D8A795C219A5223D0013315D /* FLAnimatedImage */,
			);
			name = Libraries;
			sourceTree = "<group>";
		};
		D89920C31991CBD50064C50A /* Extensions */ = {
			isa = PBXGroup;
			children = (
				D89920C51991CC0E0064C50A /* UIColorExt.swift */,
				D888B40519948B5F00179D0C /* StringExt.swift */,
			);
			name = Extensions;
			sourceTree = "<group>";
		};
		D8A795C219A5223D0013315D /* FLAnimatedImage */ = {
			isa = PBXGroup;
			children = (
				D8A795C319A5223D0013315D /* FLAnimatedImage.h */,
				D8A795C419A5223D0013315D /* FLAnimatedImage.m */,
				D8A795C519A5223D0013315D /* FLAnimatedImageView.h */,
				D8A795C619A5223D0013315D /* FLAnimatedImageView.m */,
			);
			name = FLAnimatedImage;
			path = Libraries/FLAnimatedImage;
			sourceTree = "<group>";
		};
		D8AE2DA2199070470062E3E6 = {
			isa = PBXGroup;
			children = (
				D8AE2DAD199070470062E3E6 /* Swimgur */,
				D8AE2DC0199070470062E3E6 /* SwimgurTests */,
				D8AE2DAC199070470062E3E6 /* Products */,
			);
			sourceTree = "<group>";
		};
		D8AE2DAC199070470062E3E6 /* Products */ = {
			isa = PBXGroup;
			children = (
				D8AE2DAB199070470062E3E6 /* Swimgur.app */,
				D8AE2DBD199070470062E3E6 /* SwimgurTests.xctest */,
			);
			name = Products;
			sourceTree = "<group>";
		};
		D8AE2DAD199070470062E3E6 /* Swimgur */ = {
			isa = PBXGroup;
			children = (
				D8EF882219CAAC9A00B3932D /* Resources */,
				D8846EF01999E5FA00546285 /* Libraries */,
				D89920C31991CBD50064C50A /* Extensions */,
				D8AE2DCD1990882F0062E3E6 /* Data */,
				D8AE2DB0199070470062E3E6 /* AppDelegate.swift */,
				D8A795C919A522940013315D /* Swimgur-Bridging-Header.h */,
				D8DF2A731991D1C700397EE2 /* Controllers */,
				D89920C11991B6530064C50A /* Constants.swift */,
				D86CD79B19973B8D00DD7489 /* Transitions */,
				D8AE2DB4199070470062E3E6 /* Main.storyboard */,
				D8AE2DB7199070470062E3E6 /* Images.xcassets */,
				D8AE2DAE199070470062E3E6 /* Supporting Files */,
			);
			path = Swimgur;
			sourceTree = "<group>";
		};
		D8AE2DAE199070470062E3E6 /* Supporting Files */ = {
			isa = PBXGroup;
			children = (
				D8AE2DAF199070470062E3E6 /* Info.plist */,
			);
			name = "Supporting Files";
			sourceTree = "<group>";
		};
		D8AE2DC0199070470062E3E6 /* SwimgurTests */ = {
			isa = PBXGroup;
			children = (
				D8AE2DC3199070470062E3E6 /* SwimgurTests.swift */,
				D8F044BB19B0E84800F04FB5 /* ImgurLoginControllerTests.swift */,
				D8F1FC9719B154D8008D38C1 /* DataManagerTests.swift */,
				D8AE2DC1199070470062E3E6 /* Supporting Files */,
			);
			path = SwimgurTests;
			sourceTree = "<group>";
		};
		D8AE2DC1199070470062E3E6 /* Supporting Files */ = {
			isa = PBXGroup;
			children = (
				D8AE2DC2199070470062E3E6 /* Info.plist */,
			);
			name = "Supporting Files";
			sourceTree = "<group>";
		};
		D8AE2DCD1990882F0062E3E6 /* Data */ = {
			isa = PBXGroup;
			children = (
				D8BB7C1B1995504A0084EAB8 /* Models */,
				D8BB7C1819954B990084EAB8 /* Forms */,
				D8AE2DCE199088FC0062E3E6 /* DataManager.swift */,
				D8DF2A78199436C600397EE2 /* RestConfig.swift */,
				D888B4071995414000179D0C /* SIUserDefaults.swift */,
			);
			name = Data;
			sourceTree = "<group>";
		};
		D8BB7C1819954B990084EAB8 /* Forms */ = {
			isa = PBXGroup;
			children = (
				D8BB7C1919954BAC0084EAB8 /* CodeForm.swift */,
				D86CD79E199748DE00DD7489 /* RefreshTokenForm.swift */,
			);
			name = Forms;
			sourceTree = "<group>";
		};
		D8BB7C1B1995504A0084EAB8 /* Models */ = {
			isa = PBXGroup;
			children = (
				D8BB7C1C1995505E0084EAB8 /* Token.swift */,
				D8BB7C1E199575540084EAB8 /* Account.swift */,
				D8846EEA19989E7900546285 /* GalleryItem.swift */,
				D857066619987698009D906E /* GalleryImage.swift */,
				D8846EE819989ACE00546285 /* GalleryAlbum.swift */,
				D8ABBD7519A408D300CECF9B /* AlbumImage.swift */,
				D874CDCE19CE2E9800E8B9A6 /* ImageUpload.swift */,
			);
			name = Models;
			sourceTree = "<group>";
		};
		D8DF2A731991D1C700397EE2 /* Controllers */ = {
			isa = PBXGroup;
			children = (
				D8846EEC19997DF100546285 /* Cells */,
				D8AE2DB2199070470062E3E6 /* ViewController.swift */,
				D857066419986AA7009D906E /* GalleryViewController.swift */,
				D8ABBD7319A3FAB200CECF9B /* ImageViewController.swift */,
				D8DF2A761991D23800397EE2 /* ImgurLoginController.swift */,
			);
			name = Controllers;
			sourceTree = "<group>";
		};
		D8EF882219CAAC9A00B3932D /* Resources */ = {
			isa = PBXGroup;
			children = (
			);
			name = Resources;
			sourceTree = "<group>";
		};
/* End PBXGroup section */

/* Begin PBXNativeTarget section */
		D8AE2DAA199070470062E3E6 /* Swimgur */ = {
			isa = PBXNativeTarget;
			buildConfigurationList = D8AE2DC7199070470062E3E6 /* Build configuration list for PBXNativeTarget "Swimgur" */;
			buildPhases = (
				D8AE2DA7199070470062E3E6 /* Sources */,
				D8AE2DA8199070470062E3E6 /* Frameworks */,
				D8AE2DA9199070470062E3E6 /* Resources */,
			);
			buildRules = (
			);
			dependencies = (
			);
			name = Swimgur;
			productName = Swimgur;
			productReference = D8AE2DAB199070470062E3E6 /* Swimgur.app */;
			productType = "com.apple.product-type.application";
		};
		D8AE2DBC199070470062E3E6 /* SwimgurTests */ = {
			isa = PBXNativeTarget;
			buildConfigurationList = D8AE2DCA199070470062E3E6 /* Build configuration list for PBXNativeTarget "SwimgurTests" */;
			buildPhases = (
				D8AE2DB9199070470062E3E6 /* Sources */,
				D8AE2DBA199070470062E3E6 /* Frameworks */,
				D8AE2DBB199070470062E3E6 /* Resources */,
			);
			buildRules = (
			);
			dependencies = (
				D8AE2DBF199070470062E3E6 /* PBXTargetDependency */,
				D8846F091999E6EB00546285 /* PBXTargetDependency */,
				D8846F0B1999E6EE00546285 /* PBXTargetDependency */,
			);
			name = SwimgurTests;
			productName = SwimgurTests;
			productReference = D8AE2DBD199070470062E3E6 /* SwimgurTests.xctest */;
			productType = "com.apple.product-type.bundle.unit-test";
		};
/* End PBXNativeTarget section */

/* Begin PBXProject section */
		D8AE2DA3199070470062E3E6 /* Project object */ = {
			isa = PBXProject;
			attributes = {
				LastUpgradeCheck = 0600;
				ORGANIZATIONNAME = "Joseph Neuman";
				TargetAttributes = {
					D8AE2DAA199070470062E3E6 = {
						CreatedOnToolsVersion = 6.0;
					};
					D8AE2DBC199070470062E3E6 = {
						CreatedOnToolsVersion = 6.0;
						TestTargetID = D8AE2DAA199070470062E3E6;
					};
				};
			};
			buildConfigurationList = D8AE2DA6199070470062E3E6 /* Build configuration list for PBXProject "Swimgur" */;
			compatibilityVersion = "Xcode 3.2";
			developmentRegion = English;
			hasScannedForEncodings = 0;
			knownRegions = (
				en,
				Base,
			);
			mainGroup = D8AE2DA2199070470062E3E6;
			productRefGroup = D8AE2DAC199070470062E3E6 /* Products */;
			projectDirPath = "";
			projectRoot = "";
			targets = (
				D8AE2DAA199070470062E3E6 /* Swimgur */,
				D8AE2DBC199070470062E3E6 /* SwimgurTests */,
			);
		};
/* End PBXProject section */

/* Begin PBXResourcesBuildPhase section */
		D8AE2DA9199070470062E3E6 /* Resources */ = {
			isa = PBXResourcesBuildPhase;
			buildActionMask = 2147483647;
			files = (
				D8AE2DB6199070470062E3E6 /* Main.storyboard in Resources */,
				D8AE2DB8199070470062E3E6 /* Images.xcassets in Resources */,
			);
			runOnlyForDeploymentPostprocessing = 0;
		};
		D8AE2DBB199070470062E3E6 /* Resources */ = {
			isa = PBXResourcesBuildPhase;
			buildActionMask = 2147483647;
			files = (
			);
			runOnlyForDeploymentPostprocessing = 0;
		};
/* End PBXResourcesBuildPhase section */

/* Begin PBXSourcesBuildPhase section */
		D8AE2DA7199070470062E3E6 /* Sources */ = {
			isa = PBXSourcesBuildPhase;
			buildActionMask = 2147483647;
			files = (
				D8DF2A79199436C600397EE2 /* RestConfig.swift in Sources */,
				D8DF2A771991D23800397EE2 /* ImgurLoginController.swift in Sources */,
				D8ABBD7419A3FAB200CECF9B /* ImageViewController.swift in Sources */,
				D888B40619948B5F00179D0C /* StringExt.swift in Sources */,
				D874CDCF19CE2E9800E8B9A6 /* ImageUpload.swift in Sources */,
				D8ABBD7619A408D300CECF9B /* AlbumImage.swift in Sources */,
				D8AE2DB3199070470062E3E6 /* ViewController.swift in Sources */,
				D8BB7C1A19954BAC0084EAB8 /* CodeForm.swift in Sources */,
				D86CD79D19973BA600DD7489 /* SpringTransition.swift in Sources */,
				D8BB7C1F199575540084EAB8 /* Account.swift in Sources */,
				D86CD79F199748DE00DD7489 /* RefreshTokenForm.swift in Sources */,
				D857066719987698009D906E /* GalleryImage.swift in Sources */,
				D8AE2DCF199088FC0062E3E6 /* DataManager.swift in Sources */,
				D8A795C719A5223D0013315D /* FLAnimatedImage.m in Sources */,
				D888B4081995414000179D0C /* SIUserDefaults.swift in Sources */,
				D8846EEB19989E7900546285 /* GalleryItem.swift in Sources */,
				D8BB7C1D1995505E0084EAB8 /* Token.swift in Sources */,
				D8AE2DB1199070470062E3E6 /* AppDelegate.swift in Sources */,
				D8A795C819A5223D0013315D /* FLAnimatedImageView.m in Sources */,
				D8846EE919989ACE00546285 /* GalleryAlbum.swift in Sources */,
				D8846EEE19997E4E00546285 /* GalleryCollectionViewCell.swift in Sources */,
				D857066519986AA7009D906E /* GalleryViewController.swift in Sources */,
				D89920C61991CC0E0064C50A /* UIColorExt.swift in Sources */,
				D89920C21991B6530064C50A /* Constants.swift in Sources */,
			);
			runOnlyForDeploymentPostprocessing = 0;
		};
		D8AE2DB9199070470062E3E6 /* Sources */ = {
			isa = PBXSourcesBuildPhase;
			buildActionMask = 2147483647;
			files = (
				D8F044BD19B0F1CF00F04FB5 /* ImgurLoginController.swift in Sources */,
				D8F044D019B0F20100F04FB5 /* Constants.swift in Sources */,
				D8F044CD19B0F20100F04FB5 /* ViewController.swift in Sources */,
				D8F044BE19B0F20100F04FB5 /* UIColorExt.swift in Sources */,
				D874CDD019CE31D700E8B9A6 /* ImageUpload.swift in Sources */,
				D8F044CA19B0F20100F04FB5 /* SIUserDefaults.swift in Sources */,
				D8F044BC19B0E84800F04FB5 /* ImgurLoginControllerTests.swift in Sources */,
				D8F044C819B0F20100F04FB5 /* DataManager.swift in Sources */,
				D8A581D919B0F27500168974 /* FLAnimatedImageView.m in Sources */,
				D8F044C519B0F20100F04FB5 /* AlbumImage.swift in Sources */,
				D8F044D119B0F20100F04FB5 /* SpringTransition.swift in Sources */,
				D8F044C219B0F20100F04FB5 /* GalleryItem.swift in Sources */,
				D8F044CC19B0F20100F04FB5 /* GalleryCollectionViewCell.swift in Sources */,
				D8F044C019B0F20100F04FB5 /* Token.swift in Sources */,
				D8F044CF19B0F20100F04FB5 /* ImageViewController.swift in Sources */,
				D8F044C319B0F20100F04FB5 /* GalleryImage.swift in Sources */,
				D8AE2DC4199070470062E3E6 /* SwimgurTests.swift in Sources */,
				D8F044C619B0F20100F04FB5 /* CodeForm.swift in Sources */,
				D8F044C919B0F20100F04FB5 /* RestConfig.swift in Sources */,
				D8F044C719B0F20100F04FB5 /* RefreshTokenForm.swift in Sources */,
				D8F044BF19B0F20100F04FB5 /* StringExt.swift in Sources */,
				D8F044C419B0F20100F04FB5 /* GalleryAlbum.swift in Sources */,
				D8A581D819B0F27500168974 /* FLAnimatedImage.m in Sources */,
				D8F044CE19B0F20100F04FB5 /* GalleryViewController.swift in Sources */,
				D8F1FC9819B154D8008D38C1 /* DataManagerTests.swift in Sources */,
				D8F044CB19B0F20100F04FB5 /* AppDelegate.swift in Sources */,
				D8F044C119B0F20100F04FB5 /* Account.swift in Sources */,
			);
			runOnlyForDeploymentPostprocessing = 0;
		};
/* End PBXSourcesBuildPhase section */

/* Begin PBXTargetDependency section */
		D8846F091999E6EB00546285 /* PBXTargetDependency */ = {
			isa = PBXTargetDependency;
			target = D8AE2DAA199070470062E3E6 /* Swimgur */;
			targetProxy = D8846F081999E6EB00546285 /* PBXContainerItemProxy */;
		};
		D8846F0B1999E6EE00546285 /* PBXTargetDependency */ = {
			isa = PBXTargetDependency;
			target = D8AE2DAA199070470062E3E6 /* Swimgur */;
			targetProxy = D8846F0A1999E6EE00546285 /* PBXContainerItemProxy */;
		};
		D8AE2DBF199070470062E3E6 /* PBXTargetDependency */ = {
			isa = PBXTargetDependency;
			target = D8AE2DAA199070470062E3E6 /* Swimgur */;
			targetProxy = D8AE2DBE199070470062E3E6 /* PBXContainerItemProxy */;
		};
/* End PBXTargetDependency section */

/* Begin PBXVariantGroup section */
		D8AE2DB4199070470062E3E6 /* Main.storyboard */ = {
			isa = PBXVariantGroup;
			children = (
				D8AE2DB5199070470062E3E6 /* Base */,
			);
			name = Main.storyboard;
			sourceTree = "<group>";
		};
/* End PBXVariantGroup section */

/* Begin XCBuildConfiguration section */
		D8AE2DC5199070470062E3E6 /* Debug */ = {
			isa = XCBuildConfiguration;
			buildSettings = {
				ALWAYS_SEARCH_USER_PATHS = NO;
				CLANG_CXX_LANGUAGE_STANDARD = "gnu++0x";
				CLANG_CXX_LIBRARY = "libc++";
				CLANG_ENABLE_MODULES = YES;
				CLANG_ENABLE_OBJC_ARC = YES;
				CLANG_WARN_BOOL_CONVERSION = YES;
				CLANG_WARN_CONSTANT_CONVERSION = YES;
				CLANG_WARN_DIRECT_OBJC_ISA_USAGE = YES_ERROR;
				CLANG_WARN_EMPTY_BODY = YES;
				CLANG_WARN_ENUM_CONVERSION = YES;
				CLANG_WARN_INT_CONVERSION = YES;
				CLANG_WARN_OBJC_ROOT_CLASS = YES_ERROR;
				CLANG_WARN_UNREACHABLE_CODE = YES;
				CLANG_WARN__DUPLICATE_METHOD_MATCH = YES;
				"CODE_SIGN_IDENTITY[sdk=iphoneos*]" = "iPhone Developer";
				COPY_PHASE_STRIP = NO;
				ENABLE_STRICT_OBJC_MSGSEND = YES;
				GCC_C_LANGUAGE_STANDARD = gnu99;
				GCC_DYNAMIC_NO_PIC = NO;
				GCC_OPTIMIZATION_LEVEL = 0;
				GCC_PREPROCESSOR_DEFINITIONS = (
					"DEBUG=1",
					"$(inherited)",
				);
				GCC_SYMBOLS_PRIVATE_EXTERN = NO;
				GCC_WARN_64_TO_32_BIT_CONVERSION = YES;
				GCC_WARN_ABOUT_RETURN_TYPE = YES_ERROR;
				GCC_WARN_UNDECLARED_SELECTOR = YES;
				GCC_WARN_UNINITIALIZED_AUTOS = YES_AGGRESSIVE;
				GCC_WARN_UNUSED_FUNCTION = YES;
				GCC_WARN_UNUSED_VARIABLE = YES;
				IPHONEOS_DEPLOYMENT_TARGET = 8.0;
				MTL_ENABLE_DEBUG_INFO = YES;
				ONLY_ACTIVE_ARCH = YES;
				SDKROOT = iphoneos;
				SWIFT_OPTIMIZATION_LEVEL = "-Onone";
			};
			name = Debug;
		};
		D8AE2DC6199070470062E3E6 /* Release */ = {
			isa = XCBuildConfiguration;
			buildSettings = {
				ALWAYS_SEARCH_USER_PATHS = NO;
				CLANG_CXX_LANGUAGE_STANDARD = "gnu++0x";
				CLANG_CXX_LIBRARY = "libc++";
				CLANG_ENABLE_MODULES = YES;
				CLANG_ENABLE_OBJC_ARC = YES;
				CLANG_WARN_BOOL_CONVERSION = YES;
				CLANG_WARN_CONSTANT_CONVERSION = YES;
				CLANG_WARN_DIRECT_OBJC_ISA_USAGE = YES_ERROR;
				CLANG_WARN_EMPTY_BODY = YES;
				CLANG_WARN_ENUM_CONVERSION = YES;
				CLANG_WARN_INT_CONVERSION = YES;
				CLANG_WARN_OBJC_ROOT_CLASS = YES_ERROR;
				CLANG_WARN_UNREACHABLE_CODE = YES;
				CLANG_WARN__DUPLICATE_METHOD_MATCH = YES;
				"CODE_SIGN_IDENTITY[sdk=iphoneos*]" = "iPhone Developer";
				COPY_PHASE_STRIP = YES;
				ENABLE_NS_ASSERTIONS = NO;
				ENABLE_STRICT_OBJC_MSGSEND = YES;
				GCC_C_LANGUAGE_STANDARD = gnu99;
				GCC_WARN_64_TO_32_BIT_CONVERSION = YES;
				GCC_WARN_ABOUT_RETURN_TYPE = YES_ERROR;
				GCC_WARN_UNDECLARED_SELECTOR = YES;
				GCC_WARN_UNINITIALIZED_AUTOS = YES_AGGRESSIVE;
				GCC_WARN_UNUSED_FUNCTION = YES;
				GCC_WARN_UNUSED_VARIABLE = YES;
				IPHONEOS_DEPLOYMENT_TARGET = 8.0;
				MTL_ENABLE_DEBUG_INFO = NO;
				SDKROOT = iphoneos;
				VALIDATE_PRODUCT = YES;
			};
			name = Release;
		};
		D8AE2DC8199070470062E3E6 /* Debug */ = {
			isa = XCBuildConfiguration;
			buildSettings = {
				ASSETCATALOG_COMPILER_APPICON_NAME = AppIcon;
				ASSETCATALOG_COMPILER_LAUNCHIMAGE_NAME = LaunchImage;
				INFOPLIST_FILE = Swimgur/Info.plist;
				IPHONEOS_DEPLOYMENT_TARGET = 8.0;
				LD_RUNPATH_SEARCH_PATHS = "$(inherited) @executable_path/Frameworks";
				PRODUCT_NAME = "$(TARGET_NAME)";
				SWIFT_OBJC_BRIDGING_HEADER = "Swimgur/Swimgur-Bridging-Header.h";
			};
			name = Debug;
		};
		D8AE2DC9199070470062E3E6 /* Release */ = {
			isa = XCBuildConfiguration;
			buildSettings = {
				ASSETCATALOG_COMPILER_APPICON_NAME = AppIcon;
				ASSETCATALOG_COMPILER_LAUNCHIMAGE_NAME = LaunchImage;
				INFOPLIST_FILE = Swimgur/Info.plist;
				IPHONEOS_DEPLOYMENT_TARGET = 8.0;
				LD_RUNPATH_SEARCH_PATHS = "$(inherited) @executable_path/Frameworks";
				PRODUCT_NAME = "$(TARGET_NAME)";
				SWIFT_OBJC_BRIDGING_HEADER = "Swimgur/Swimgur-Bridging-Header.h";
			};
			name = Release;
		};
		D8AE2DCB199070470062E3E6 /* Debug */ = {
			isa = XCBuildConfiguration;
			buildSettings = {
				BUNDLE_LOADER = "$(TEST_HOST)";
				FRAMEWORK_SEARCH_PATHS = (
					"$(SDKROOT)/Developer/Library/Frameworks",
					"$(inherited)",
				);
				GCC_PREPROCESSOR_DEFINITIONS = (
					"DEBUG=1",
					"$(inherited)",
				);
				INFOPLIST_FILE = SwimgurTests/Info.plist;
				LD_RUNPATH_SEARCH_PATHS = "$(inherited) @executable_path/Frameworks @loader_path/Frameworks";
				PRODUCT_NAME = "$(TARGET_NAME)";
				SWIFT_OBJC_BRIDGING_HEADER = "Swimgur/Swimgur-Bridging-Header.h";
				TEST_HOST = "$(BUILT_PRODUCTS_DIR)/Swimgur.app/Swimgur";
			};
			name = Debug;
		};
		D8AE2DCC199070470062E3E6 /* Release */ = {
			isa = XCBuildConfiguration;
			buildSettings = {
				BUNDLE_LOADER = "$(TEST_HOST)";
				FRAMEWORK_SEARCH_PATHS = (
					"$(SDKROOT)/Developer/Library/Frameworks",
					"$(inherited)",
				);
				INFOPLIST_FILE = SwimgurTests/Info.plist;
				LD_RUNPATH_SEARCH_PATHS = "$(inherited) @executable_path/Frameworks @loader_path/Frameworks";
				PRODUCT_NAME = "$(TARGET_NAME)";
				SWIFT_OBJC_BRIDGING_HEADER = "Swimgur/Swimgur-Bridging-Header.h";
				TEST_HOST = "$(BUILT_PRODUCTS_DIR)/Swimgur.app/Swimgur";
			};
			name = Release;
		};
/* End XCBuildConfiguration section */

/* Begin XCConfigurationList section */
		D8AE2DA6199070470062E3E6 /* Build configuration list for PBXProject "Swimgur" */ = {
			isa = XCConfigurationList;
			buildConfigurations = (
				D8AE2DC5199070470062E3E6 /* Debug */,
				D8AE2DC6199070470062E3E6 /* Release */,
			);
			defaultConfigurationIsVisible = 0;
			defaultConfigurationName = Release;
		};
		D8AE2DC7199070470062E3E6 /* Build configuration list for PBXNativeTarget "Swimgur" */ = {
			isa = XCConfigurationList;
			buildConfigurations = (
				D8AE2DC8199070470062E3E6 /* Debug */,
				D8AE2DC9199070470062E3E6 /* Release */,
			);
			defaultConfigurationIsVisible = 0;
			defaultConfigurationName = Release;
		};
		D8AE2DCA199070470062E3E6 /* Build configuration list for PBXNativeTarget "SwimgurTests" */ = {
			isa = XCConfigurationList;
			buildConfigurations = (
				D8AE2DCB199070470062E3E6 /* Debug */,
				D8AE2DCC199070470062E3E6 /* Release */,
			);
			defaultConfigurationIsVisible = 0;
			defaultConfigurationName = Release;
		};
/* End XCConfigurationList section */
	};
	rootObject = D8AE2DA3199070470062E3E6 /* Project object */;
}
